
Microsoft Visual Studio Solution File, Format Version 12.00
# Visual Studio 15
VisualStudioVersion = 15.0.28307.168
MinimumVisualStudioVersion = 10.0.40219.1
Project("{888888A0-9F3D-457C-B088-3A5042F75D52}") = "excel", "excel\excel.pyproj", "{17CA5E86-CD7B-436B-AFED-FF023E124A54}"
EndProject
Global
	GlobalSection(SolutionConfigurationPlatforms) = preSolution
		Debug|Any CPU = Debug|Any CPU
		Release|Any CPU = Release|Any CPU
	EndGlobalSection
	GlobalSection(ProjectConfigurationPlatforms) = postSolution
		{17CA5E86-CD7B-436B-AFED-FF023E124A54}.Debug|Any CPU.ActiveCfg = Debug|Any CPU
		{17CA5E86-CD7B-436B-AFED-FF023E124A54}.Release|Any CPU.ActiveCfg = Release|Any CPU
	EndGlobalSection
	GlobalSection(SolutionProperties) = preSolution
		HideSolutionNode = FALSE
	EndGlobalSection
	GlobalSection(ExtensibilityGlobals) = postSolution
		SolutionGuid = {E36F58D4-BAEC-4FC0-BFEB-46EB2FD5E9BB}
	EndGlobalSection
EndGlobal
